Microsoft Visual Studio Solution File, Format Version 12.00
# Visual Studio Version 17
VisualStudioVersion = 17.5.2.0
MinimumVisualStudioVersion = 10.0.40219.1
Project("{2150E333-8FDC-42A3-9474-1A3956D46DE8}") = "backend", "backend", "{1AE8ACA6-933B-BF2A-3671-3E2EAC007D16}"
EndProject
Project("{FAE04EC0-301F-11D3-BF4B-00C04F79EFBC}") = "BlinkitAPI", "backend\BlinkitAPI\BlinkitAPI.csproj", "{D32372C8-F569-8C49-765F-12908C9A7515}"
EndProject
Project("{2150E333-8FDC-42A3-9474-1A3956D46DE8}") = "BlinkitAPI (1)", "BlinkitAPI (1)", "{0A9490A0-20C1-F1D3-1B6D-03E951F87BEF}"
EndProject
Project("{2150E333-8FDC-42A3-9474-1A3956D46DE8}") = "src", "src", "{3DA88818-F203-A5CC-9DFB-56A2B83F1B08}"
EndProject
Project("{FAE04EC0-301F-11D3-BF4B-00C04F79EFBC}") = "Blinkit.API", "backend\BlinkitAPI\src\Blinkit.API\Blinkit.API.csproj", "{510BA973-9ED5-135C-2053-5DBA9308CF1D}"
EndProject
Project("{FAE04EC0-301F-11D3-BF4B-00C04F79EFBC}") = "Blinkit.Application", "backend\BlinkitAPI\src\Blinkit.Application\Blinkit.Application.csproj", "{2F75F1BA-54CB-8E9A-6DC0-631E2FA32217}"
EndProject
Project("{FAE04EC0-301F-11D3-BF4B-00C04F79EFBC}") = "Blinkit.Domain", "backend\BlinkitAPI\src\Blinkit.Domain\Blinkit.Domain.csproj", "{A258E1EF-0F23-FC12-5B10-C4690AE3F353}"
EndProject
Project("{FAE04EC0-301F-11D3-BF4B-00C04F79EFBC}") = "Blinkit.Infrastructure", "backend\BlinkitAPI\src\Blinkit.Infrastructure\Blinkit.Infrastructure.csproj", "{A66F72D4-81D7-E155-95E5-322E4341A383}"
EndProject
Global
	GlobalSection(SolutionConfigurationPlatforms) = preSolution
		Debug|Any CPU = Debug|Any CPU
		Release|Any CPU = Release|Any CPU
	EndGlobalSection
	GlobalSection(ProjectConfigurationPlatforms) = postSolution
		{D32372C8-F569-8C49-765F-12908C9A7515}.Debug|Any CPU.ActiveCfg = Debug|Any CPU
		{D32372C8-F569-8C49-765F-12908C9A7515}.Debug|Any CPU.Build.0 = Debug|Any CPU
		{D32372C8-F569-8C49-765F-12908C9A7515}.Release|Any CPU.ActiveCfg = Release|Any CPU
		{D32372C8-F569-8C49-765F-12908C9A7515}.Release|Any CPU.Build.0 = Release|Any CPU
		{510BA973-9ED5-135C-2053-5DBA9308CF1D}.Debug|Any CPU.ActiveCfg = Debug|Any CPU
		{510BA973-9ED5-135C-2053-5DBA9308CF1D}.Debug|Any CPU.Build.0 = Debug|Any CPU
		{510BA973-9ED5-135C-2053-5DBA9308CF1D}.Release|Any CPU.ActiveCfg = Release|Any CPU
		{510BA973-9ED5-135C-2053-5DBA9308CF1D}.Release|Any CPU.Build.0 = Release|Any CPU
		{2F75F1BA-54CB-8E9A-6DC0-631E2FA32217}.Debug|Any CPU.ActiveCfg = Debug|Any CPU
		{2F75F1BA-54CB-8E9A-6DC0-631E2FA32217}.Debug|Any CPU.Build.0 = Debug|Any CPU
		{2F75F1BA-54CB-8E9A-6DC0-631E2FA32217}.Release|Any CPU.ActiveCfg = Release|Any CPU
		{2F75F1BA-54CB-8E9A-6DC0-631E2FA32217}.Release|Any CPU.Build.0 = Release|Any CPU
		{A258E1EF-0F23-FC12-5B10-C4690AE3F353}.Debug|Any CPU.ActiveCfg = Debug|Any CPU
		{A258E1EF-0F23-FC12-5B10-C4690AE3F353}.Debug|Any CPU.Build.0 = Debug|Any CPU
		{A258E1EF-0F23-FC12-5B10-C4690AE3F353}.Release|Any CPU.ActiveCfg = Release|Any CPU
		{A258E1EF-0F23-FC12-5B10-C4690AE3F353}.Release|Any CPU.Build.0 = Release|Any CPU
		{A66F72D4-81D7-E155-95E5-322E4341A383}.Debug|Any CPU.ActiveCfg = Debug|Any CPU
		{A66F72D4-81D7-E155-95E5-322E4341A383}.Debug|Any CPU.Build.0 = Debug|Any CPU
		{A66F72D4-81D7-E155-95E5-322E4341A383}.Release|Any CPU.ActiveCfg = Release|Any CPU
		{A66F72D4-81D7-E155-95E5-322E4341A383}.Release|Any CPU.Build.0 = Release|Any CPU
	EndGlobalSection
	GlobalSection(SolutionProperties) = preSolution
		HideSolutionNode = FALSE
	EndGlobalSection
	GlobalSection(NestedProjects) = preSolution
		{D32372C8-F569-8C49-765F-12908C9A7515} = {1AE8ACA6-933B-BF2A-3671-3E2EAC007D16}
		{0A9490A0-20C1-F1D3-1B6D-03E951F87BEF} = {1AE8ACA6-933B-BF2A-3671-3E2EAC007D16}
		{3DA88818-F203-A5CC-9DFB-56A2B83F1B08} = {0A9490A0-20C1-F1D3-1B6D-03E951F87BEF}
		{510BA973-9ED5-135C-2053-5DBA9308CF1D} = {3DA88818-F203-A5CC-9DFB-56A2B83F1B08}
		{2F75F1BA-54CB-8E9A-6DC0-631E2FA32217} = {3DA88818-F203-A5CC-9DFB-56A2B83F1B08}
		{A258E1EF-0F23-FC12-5B10-C4690AE3F353} = {3DA88818-F203-A5CC-9DFB-56A2B83F1B08}
		{A66F72D4-81D7-E155-95E5-322E4341A383} = {3DA88818-F203-A5CC-9DFB-56A2B83F1B08}
	EndGlobalSection
	GlobalSection(ExtensibilityGlobals) = postSolution
		SolutionGuid = {BFB0A110-DE76-44A2-B742-122874D38D1B}
	EndGlobalSection
EndGlobal
